
Microsoft Visual Studio Solution File, Format Version 12.00
# Visual Studio Version 17
VisualStudioVersion = 17.6.33815.320
MinimumVisualStudioVersion = 10.0.40219.1
Project("{FAE04EC0-301F-11D3-BF4B-00C04F79EFBC}") = "SWTest", "SWTest\SWTest.csproj", "{1E5A64D3-4400-4EED-8ED7-817901FDD005}"
EndProject
Global
	GlobalSection(SolutionConfigurationPlatforms) = preSolution
		Debug|Any CPU = Debug|Any CPU
		Release|Any CPU = Release|Any CPU
	EndGlobalSection
	GlobalSection(ProjectConfigurationPlatforms) = postSolution
		{1E5A64D3-4400-4EED-8ED7-817901FDD005}.Debug|Any CPU.ActiveCfg = Debug|Any CPU
		{1E5A64D3-4400-4EED-8ED7-817901FDD005}.Debug|Any CPU.Build.0 = Debug|Any CPU
		{1E5A64D3-4400-4EED-8ED7-817901FDD005}.Release|Any CPU.ActiveCfg = Release|Any CPU
		{1E5A64D3-4400-4EED-8ED7-817901FDD005}.Release|Any CPU.Build.0 = Release|Any CPU
	EndGlobalSection
	GlobalSection(SolutionProperties) = preSolution
		HideSolutionNode = FALSE
	EndGlobalSection
	GlobalSection(ExtensibilityGlobals) = postSolution
		SolutionGuid = {6593FFF5-37A0-4562-A0DF-29417BC5E706}
	EndGlobalSection
EndGlobal
